
Microsoft Visual Studio Solution File, Format Version 12.00
# Visual Studio Version 17
VisualStudioVersion = 17.8.34322.80
MinimumVisualStudioVersion = 10.0.40219.1
Project("{FAE04EC0-301F-11D3-BF4B-00C04F79EFBC}") = "weather2", "weather2\weather2.csproj", "{3EC9DBB3-5A65-4E94-8251-007E3BCB9BEA}"
EndProject
Global
	GlobalSection(SolutionConfigurationPlatforms) = preSolution
		Debug|Any CPU = Debug|Any CPU
		Release|Any CPU = Release|Any CPU
	EndGlobalSection
	GlobalSection(ProjectConfigurationPlatforms) = postSolution
		{3EC9DBB3-5A65-4E94-8251-007E3BCB9BEA}.Debug|Any CPU.ActiveCfg = Debug|Any CPU
		{3EC9DBB3-5A65-4E94-8251-007E3BCB9BEA}.Debug|Any CPU.Build.0 = Debug|Any CPU
		{3EC9DBB3-5A65-4E94-8251-007E3BCB9BEA}.Release|Any CPU.ActiveCfg = Release|Any CPU
		{3EC9DBB3-5A65-4E94-8251-007E3BCB9BEA}.Release|Any CPU.Build.0 = Release|Any CPU
	EndGlobalSection
	GlobalSection(SolutionProperties) = preSolution
		HideSolutionNode = FALSE
	EndGlobalSection
	GlobalSection(ExtensibilityGlobals) = postSolution
		SolutionGuid = {F4F07344-A225-4930-AEAC-2B7D818DF03B}
	EndGlobalSection
EndGlobal
